<?xml version="1.0" encoding="UTF-8" standalone="yes" ?>
<CodeBlocks_project_file>
	<FileVersion major="1" minor="6" />
	<Project>
		<Option title="JogoBreakOut" />
		<Option pch_mode="2" />
		<Option compiler="gcc" />
		<Build>
			<Target title="Debug">
				<Option output="bin/Debug/JogoBreakOut" prefix_auto="1" extension_auto="1" />
				<Option object_output="obj/Debug/" />
				<Option type="1" />
				<Option compiler="gcc" />
				<Compiler>
					<Add option="-g" />
				</Compiler>
			</Target>
			<Target title="Release">
				<Option output="bin/Release/JogoBreakOut" prefix_auto="1" extension_auto="1" />
				<Option object_output="obj/Release/" />
				<Option type="1" />
				<Option compiler="gcc" />
				<Compiler>
					<Add option="-O2" />
				</Compiler>
				<Linker>
					<Add option="-s" />
				</Linker>
			</Target>
		</Build>
		<Compiler>
			<Add option="-Wall" />
		</Compiler>
		<Unit filename="Auxiliares.c">
			<Option compilerVar="CC" />
		</Unit>
		<Unit filename="Auxiliares.h">
			<Option target="&lt;{~None~}&gt;" />
		</Unit>
		<Unit filename="Blocos.c">
			<Option compilerVar="CC" />
		</Unit>
		<Unit filename="Blocos.h">
			<Option target="&lt;{~None~}&gt;" />
		</Unit>
		<Unit filename="Jogo.c">
			<Option compilerVar="CC" />
		</Unit>
		<Unit filename="Jogo.h">
			<Option target="&lt;{~None~}&gt;" />
		</Unit>
		<Unit filename="Menu.c">
			<Option compilerVar="CC" />
		</Unit>
		<Unit filename="Menu.h">
			<Option target="&lt;{~None~}&gt;" />
		</Unit>
		<Unit filename="Movimentacao.c">
			<Option compilerVar="CC" />
		</Unit>
		<Unit filename="Movimentacao.h">
			<Option target="&lt;{~None~}&gt;" />
		</Unit>
		<Unit filename="Ranking.c">
			<Option compilerVar="CC" />
		</Unit>
		<Unit filename="Ranking.h">
			<Option target="&lt;{~None~}&gt;" />
		</Unit>
		<Unit filename="arquivo.c">
			<Option compilerVar="CC" />
		</Unit>
		<Unit filename="arquivo.h">
			<Option target="&lt;{~None~}&gt;" />
		</Unit>
		<Unit filename="main.c">
			<Option compilerVar="CC" />
		</Unit>
		<Unit filename="tela.c">
			<Option compilerVar="CC" />
		</Unit>
		<Unit filename="tela.h">
			<Option target="&lt;{~None~}&gt;" />
		</Unit>
		<Extensions>
			<code_completion />
			<envvars />
			<debugger />
			<lib_finder disable_auto="1" />
		</Extensions>
	</Project>
</CodeBlocks_project_file>
